
Microsoft Visual Studio Solution File, Format Version 12.00
# Visual Studio Version 17
VisualStudioVersion = 17.14.37027.9
MinimumVisualStudioVersion = 10.0.40219.1
Project("{FAE04EC0-301F-11D3-BF4B-00C04F79EFBC}") = "DebugHelper", "DebugHelper\DebugHelper.csproj", "{31949A91-059C-47A1-AE9D-3D4E6763974F}"
EndProject
Project("{FAE04EC0-301F-11D3-BF4B-00C04F79EFBC}") = "DebugHelperTester", "DebugHelperTester\DebugHelperTester.csproj", "{CC29C331-FE7E-4167-A46D-FD8B098EF351}"
EndProject
Global
	GlobalSection(SolutionConfigurationPlatforms) = preSolution
		Debug|Any CPU = Debug|Any CPU
		Release|Any CPU = Release|Any CPU
	EndGlobalSection
	GlobalSection(ProjectConfigurationPlatforms) = postSolution
		{31949A91-059C-47A1-AE9D-3D4E6763974F}.Debug|Any CPU.ActiveCfg = Debug|Any CPU
		{31949A91-059C-47A1-AE9D-3D4E6763974F}.Debug|Any CPU.Build.0 = Debug|Any CPU
		{31949A91-059C-47A1-AE9D-3D4E6763974F}.Release|Any CPU.ActiveCfg = Release|Any CPU
		{31949A91-059C-47A1-AE9D-3D4E6763974F}.Release|Any CPU.Build.0 = Release|Any CPU
		{CC29C331-FE7E-4167-A46D-FD8B098EF351}.Debug|Any CPU.ActiveCfg = Debug|Any CPU
		{CC29C331-FE7E-4167-A46D-FD8B098EF351}.Debug|Any CPU.Build.0 = Debug|Any CPU
		{CC29C331-FE7E-4167-A46D-FD8B098EF351}.Release|Any CPU.ActiveCfg = Release|Any CPU
		{CC29C331-FE7E-4167-A46D-FD8B098EF351}.Release|Any CPU.Build.0 = Release|Any CPU
	EndGlobalSection
	GlobalSection(SolutionProperties) = preSolution
		HideSolutionNode = FALSE
	EndGlobalSection
	GlobalSection(ExtensibilityGlobals) = postSolution
		SolutionGuid = {F1699E65-FDF8-47C6-85C4-790928B34182}
	EndGlobalSection
EndGlobal
